# Auto-generated by ASM — do not edit manually

[metadata]
generated_at = "2026-05-14T03:38:50.599866+00:00"
asm_version = "0.1.0"
lock_format = 2
registry_id = "default"

[skills.aws-s3-management]
upstream_version = "0.0.0"
local_revision = 0
registry = "github"
integrity = "sha256:7d093bc57681bda278c3234a893d5ef9fdf6830fdc14b190ad67e0ad3a7e3ede"
snapshot_id = "aws-s3-management-7d093bc57681bda2"
resolved = "https://github.com/aj-geddes/useful-ai-prompts/tree/main/skills/aws-s3-management"
commit = "3f5182cfd739fc113f4af5244a1cf342ad7f7911"

[skills.bullmq-specialist]
upstream_version = "0.0.0"
local_revision = 0
registry = "github"
integrity = "sha256:8db0b988b050509f6a0d919536f12694d60aafcf7d5b1c9ba6c1a1605c3fbfc1"
snapshot_id = "bullmq-specialist-8db0b988b050509f"
resolved = "https://github.com/davila7/claude-code-templates/tree/main/cli-tool/components/skills/development/bullmq-specialist"
commit = "c881bf379e0368eee1ec2963ed3923a44e7cfaf8"

[skills.cursor-skill-foundation]
upstream_version = "0.0.0"
local_revision = 0
registry = "github"
integrity = "sha256:b0f3f6b242599dad1abddbd5cdd2398f1570b4cde3c314f60fc2a5645c453987"
snapshot_id = "cursor-skill-foundation-b0f3f6b242599dad"
resolved = "https://github.com/gil-kapel/cursor-course-skills/tree/main/module-02-skills-and-agents/lesson-2.1-skills-agents-asm/cursor-skill-foundation"
commit = "195049e6e0668ffd880ce4fad33fe2653dd96b2f"

[skills.database-migrations-sql-migrations]
upstream_version = "0.0.0"
local_revision = 0
registry = "github"
integrity = "sha256:f581bd082ea667150f06d138db3e89c54828d3d4abc5bbbe2064b3b66025c58a"
snapshot_id = "database-migrations-sql-migrations-f581bd082ea66715"
resolved = "https://github.com/sickn33/antigravity-awesome-skills/tree/main/skills/database-migrations-sql-migrations"
commit = "d68b997a88272e1bf048b40c0dd6ac091fcfeb07"

[skills.debug-fix-agent]
upstream_version = "0.0.0"
local_revision = 0
registry = "github"
integrity = "sha256:e7980a0bd38b78bce1fd31e7848c7a7c8b328be6cc9ca24eddef6ae5fef02ad1"
snapshot_id = "debug-fix-agent-e7980a0bd38b78bc"
resolved = "https://github.com/gil-kapel/cursor-course-skills/tree/main/module-02-skills-and-agents/lesson-2.9-debug-agent/debug-fix-agent"
commit = "195049e6e0668ffd880ce4fad33fe2653dd96b2f"

[skills.dev-composer-agent]
upstream_version = "0.0.0"
local_revision = 0
registry = "github"
integrity = "sha256:30513d0066a3625fd4784b2c85c3fb5b889454a5c2613adef0836f8498361b4c"
snapshot_id = "dev-composer-agent-30513d0066a3625f"
resolved = "https://github.com/gil-kapel/cursor-course-skills/tree/main/module-02-skills-and-agents/lesson-2.7-dev-agent-composer/dev-composer-agent"
commit = "195049e6e0668ffd880ce4fad33fe2653dd96b2f"

[skills.docker-deployment]
upstream_version = "0.0.0"
local_revision = 0
registry = "github"
integrity = "sha256:64635ad20212eabed04c68d9f8edea0d3ee2750abd47dea612826998e503413b"
snapshot_id = "docker-deployment-64635ad20212eabe"
resolved = "https://github.com/pluginagentmarketplace/custom-plugin-nodejs/tree/main/skills/docker-deployment"
commit = "adbdacbf26cb29a5008f06af6f1bb601d5aa56f2"

[skills.nestjs-api]
upstream_version = "0.0.0"
local_revision = 0
registry = "github"
integrity = "sha256:efbfb8eee47e4cd7be41adb113b037613627e1fff0b698634f61c09b9c443269"
snapshot_id = "nestjs-api-efbfb8eee47e4cd7"
resolved = "https://github.com/Survikrowa/Game-Critique/tree/main/.github/skills/nestjs-api"
commit = "5da1e2e5e53af2994de1181d1bced4be6d2a0898"

[skills.nextjs-app-router-fundamentals]
upstream_version = "0.0.0"
local_revision = 0
registry = "skills.sh"
integrity = "sha256:2d73efbbc227187a78d547d80e7e778d179048d592530dc9f69c8307eee6ae76"
snapshot_id = "nextjs-app-router-fundamentals-2d73efbbc227187a"
resolved = "https://github.com/wsimmonds/claude-nextjs-skills/tree/HEAD/nextjs-app-router-fundamentals"
commit = "9e0aa5f99b6cfcede69e375d1a40951dae283046"

[skills.playwright-testing]
upstream_version = "0.0.0"
local_revision = 0
registry = "github"
integrity = "sha256:83375b8d024b4144452346018df11b08e232f4b195447c9f6045ffaca0040e2d"
snapshot_id = "playwright-testing-83375b8d024b4144"
resolved = "https://github.com/laurigates/claude-plugins/tree/main/testing-plugin/skills/playwright-testing"
commit = "9e9a05e904d382aba79fd91594d650d76d03fb85"

[skills.product-prd-agent]
upstream_version = "0.0.0"
local_revision = 0
registry = "github"
integrity = "sha256:b7ae37277e7eded3115168f07be3427b339a2bd39658278852ed1d319112b05a"
snapshot_id = "product-prd-agent-b7ae37277e7eded3"
resolved = "https://github.com/gil-kapel/cursor-course-skills/tree/main/module-02-skills-and-agents/lesson-2.2-product-agent-prd/product-prd-agent"
commit = "195049e6e0668ffd880ce4fad33fe2653dd96b2f"

[skills.quality-gate-agent]
upstream_version = "0.0.0"
local_revision = 0
registry = "github"
integrity = "sha256:28e9b4e70a9786abb76abbb4c0c3c0b56edf5ab3f3725098104766640a427896"
snapshot_id = "quality-gate-agent-28e9b4e70a9786ab"
resolved = "https://github.com/gil-kapel/cursor-course-skills/tree/main/module-02-skills-and-agents/lesson-2.8-quality-gate-agent/quality-gate-agent"
commit = "195049e6e0668ffd880ce4fad33fe2653dd96b2f"

[skills.redis-patterns]
upstream_version = "0.0.0"
local_revision = 0
registry = "github"
integrity = "sha256:54872ffe30505452ad4e2f3472d869e58789d714338e3332284e3183ad04d097"
snapshot_id = "redis-patterns-54872ffe30505452"
resolved = "https://github.com/patricio0312rev/skills/tree/main/performance/redis-patterns"
commit = "79ea6af485698b31060b63f0066f712560757b29"

[skills.security-review-agent]
upstream_version = "0.0.0"
local_revision = 0
registry = "github"
integrity = "sha256:3617027897b31acd4c306b95fafccc66d874681e7d3d072fd2ea07acae84fb85"
snapshot_id = "security-review-agent-3617027897b31acd"
resolved = "https://github.com/gil-kapel/cursor-course-skills/tree/main/module-02-skills-and-agents/lesson-2.6-security-agent/security-review-agent"
commit = "195049e6e0668ffd880ce4fad33fe2653dd96b2f"

[skills.shadcn-ui]
upstream_version = "0.0.0"
local_revision = 0
registry = "github"
integrity = "sha256:69bc82614b4644e3d48bf7340f5de8068b7c5bb4c2b975a6b95becc919dbdf82"
snapshot_id = "shadcn-ui-69bc82614b4644e3"
resolved = "https://github.com/google-labs-code/stitch-skills/tree/main/skills/shadcn-ui"
commit = "6c0cbdb909b7d256c8b9b3854c8c8f87aab2c140"

[skills.tech-lead-architecture-agent]
upstream_version = "0.0.0"
local_revision = 0
registry = "github"
integrity = "sha256:e82ea61e964d600fb2303f1e24eb7c120f942bcce910fd997293c50b7a80c3d4"
snapshot_id = "tech-lead-architecture-agent-e82ea61e964d600f"
resolved = "https://github.com/gil-kapel/cursor-course-skills/tree/main/module-02-skills-and-agents/lesson-2.3-tech-lead-architecture/tech-lead-architecture-agent"
commit = "195049e6e0668ffd880ce4fad33fe2653dd96b2f"

[skills.terraform-aws]
upstream_version = "\"2.0.0\""
local_revision = 0
registry = "github"
integrity = "sha256:a83b67137e113b82fd92f89c052b5e0b911293b3f3b58eccc077e86953862bf0"
snapshot_id = "terraform-aws-a83b67137e113b82"
resolved = "https://github.com/pluginagentmarketplace/custom-plugin-terraform/tree/main/skills/terraform-aws"
commit = "4c2ebe2875311bd8604849a8381c6f73e61b6131"

[skills.typescript-strict]
upstream_version = "0.0.0"
local_revision = 0
registry = "github"
integrity = "sha256:bf712e53db219aa2c8171e8bfd902ef68c3382e8b20926c6df885de99a3cf968"
snapshot_id = "typescript-strict-bf712e53db219aa2"
resolved = "https://github.com/citypaul/.dotfiles/tree/main/claude/.claude/skills/typescript-strict"
commit = "2dcc9f15af8372b996f0b192d25cf528080c428a"

[skills.ui-design-systems-agent]
upstream_version = "0.0.0"
local_revision = 0
registry = "github"
integrity = "sha256:eb2c45ddf244a79fe3a44f657300dd813f9610ab15bd19303ce929fb10a043fe"
snapshot_id = "ui-design-systems-agent-eb2c45ddf244a79f"
resolved = "https://github.com/gil-kapel/cursor-course-skills/tree/main/module-02-skills-and-agents/lesson-2.5-ui-design-systems/ui-design-systems-agent"
commit = "195049e6e0668ffd880ce4fad33fe2653dd96b2f"

[skills.ux-user-flow-agent]
upstream_version = "0.0.0"
local_revision = 0
registry = "github"
integrity = "sha256:f157f04b146d3150f31eaabea232e9190d6e9a141caa235a11f13d92c2cc0d0d"
snapshot_id = "ux-user-flow-agent-f157f04b146d3150"
resolved = "https://github.com/gil-kapel/cursor-course-skills/tree/main/module-02-skills-and-agents/lesson-2.4-ux-user-flow/ux-user-flow-agent"
commit = "195049e6e0668ffd880ce4fad33fe2653dd96b2f"

[skills.vitest]
upstream_version = "0.0.0"
local_revision = 0
registry = "github"
integrity = "sha256:1beb749f127ebe511a4a9a591a5fb7626d975ace05b3b80d96cea986aaeaa959"
snapshot_id = "vitest-1beb749f127ebe51"
resolved = "https://github.com/sanity-io/next-sanity/tree/main/.agents/skills/vitest"
commit = "bd1c0088fef2cd367d10953a502291f692e734bd"

[skills.websockets-realtime]
upstream_version = "0.0.0"
local_revision = 0
registry = "github"
integrity = "sha256:d7d95e7da0115ee2fad79349c8207860a37375aece498f457a167735b8fc51b2"
snapshot_id = "websockets-realtime-d7d95e7da0115ee2"
resolved = "https://github.com/travisjneuman/.claude/tree/main/skills/websockets-realtime"
commit = "7f7436e09e57150491965bdc7170225e7c8347e2"

[skills.zustand-state-management]
upstream_version = "0.0.0"
local_revision = 0
registry = "skills.sh"
integrity = "sha256:b63b116969df0dbf9af19249ceb16c9feab1f0f86a348faefc9354da7bfee262"
snapshot_id = "zustand-state-management-b63b116969df0dbf"
resolved = "https://github.com/mindrally/skills/tree/HEAD/zustand-state-management"
commit = "47f47c12e62f62b5e171bd5af61d0fc24b329701"
